
Microsoft Visual Studio Solution File, Format Version 12.00
# Visual Studio Version 16
VisualStudioVersion = 16.0.32901.82
MinimumVisualStudioVersion = 10.0.40219.1
Project("{FAE04EC0-301F-11D3-BF4B-00C04F79EFBC}") = "Polyclinic", "Polyclinic.csproj", "{9532A481-8D64-4F71-BA14-A4AD138C857E}"
EndProject
Global
	GlobalSection(SolutionConfigurationPlatforms) = preSolution
		Debug|Any CPU = Debug|Any CPU
		Release|Any CPU = Release|Any CPU
	EndGlobalSection
	GlobalSection(ProjectConfigurationPlatforms) = postSolution
		{9532A481-8D64-4F71-BA14-A4AD138C857E}.Debug|Any CPU.ActiveCfg = Debug|Any CPU
		{9532A481-8D64-4F71-BA14-A4AD138C857E}.Debug|Any CPU.Build.0 = Debug|Any CPU
		{9532A481-8D64-4F71-BA14-A4AD138C857E}.Release|Any CPU.ActiveCfg = Release|Any CPU
		{9532A481-8D64-4F71-BA14-A4AD138C857E}.Release|Any CPU.Build.0 = Release|Any CPU
	EndGlobalSection
	GlobalSection(SolutionProperties) = preSolution
		HideSolutionNode = FALSE
	EndGlobalSection
	GlobalSection(ExtensibilityGlobals) = postSolution
		SolutionGuid = {A1AF160D-6DA4-45D2-BB3A-6F182EC7CA7F}
	EndGlobalSection
EndGlobal
